{
  "nodes": {
    "nixpkgs": {
      "locked": {
        "lastModified": 1690742327,
        "narHash": "sha256-qD6cpkR0NwqjikNz19pCyFR8oS06E4pgMiQNdcSELl8=",
        "owner": "NixOS",
        "repo": "nixpkgs",
        "rev": "e86120df5ca5ae75a94e8ce5b74bfdf89b1bc1e7",
        "type": "github"
      },
      "original": {
        "owner": "NixOS",
        "repo": "nixpkgs",
        "type": "github"
      }
    },
    "root": {
      "inputs": {
        "nixpkgs": "nixpkgs"
      }
    }
  },
  "root": "root",
  "version": 7
}
